
Microsoft Visual Studio Solution File, Format Version 12.00
# Visual Studio Version 17
VisualStudioVersion = 17.5.33414.496
MinimumVisualStudioVersion = 10.0.40219.1
Project("{9A19103F-16F7-4668-BE54-9A1E7A4F7556}") = "Exercise 1", "Exercise 1\Exercise 1.csproj", "{FE0C2663-9E22-4CA1-B800-204174FA04F3}"
EndProject
Project("{9A19103F-16F7-4668-BE54-9A1E7A4F7556}") = "Exercise 2", "Exercise 2\Exercise 2.csproj", "{744A855D-C24D-4847-99DF-9FE848D0F1DA}"
EndProject
Project("{FAE04EC0-301F-11D3-BF4B-00C04F79EFBC}") = "Exercise 3", "Exercise 3\Exercise 3.csproj", "{60D4FFDE-C845-43EC-8FDF-4D959324D047}"
EndProject
Global
	GlobalSection(SolutionConfigurationPlatforms) = preSolution
		Debug|Any CPU = Debug|Any CPU
		Release|Any CPU = Release|Any CPU
	EndGlobalSection
	GlobalSection(ProjectConfigurationPlatforms) = postSolution
		{FE0C2663-9E22-4CA1-B800-204174FA04F3}.Debug|Any CPU.ActiveCfg = Debug|Any CPU
		{FE0C2663-9E22-4CA1-B800-204174FA04F3}.Debug|Any CPU.Build.0 = Debug|Any CPU
		{FE0C2663-9E22-4CA1-B800-204174FA04F3}.Release|Any CPU.ActiveCfg = Release|Any CPU
		{FE0C2663-9E22-4CA1-B800-204174FA04F3}.Release|Any CPU.Build.0 = Release|Any CPU
		{744A855D-C24D-4847-99DF-9FE848D0F1DA}.Debug|Any CPU.ActiveCfg = Debug|Any CPU
		{744A855D-C24D-4847-99DF-9FE848D0F1DA}.Debug|Any CPU.Build.0 = Debug|Any CPU
		{744A855D-C24D-4847-99DF-9FE848D0F1DA}.Release|Any CPU.ActiveCfg = Release|Any CPU
		{744A855D-C24D-4847-99DF-9FE848D0F1DA}.Release|Any CPU.Build.0 = Release|Any CPU
		{60D4FFDE-C845-43EC-8FDF-4D959324D047}.Debug|Any CPU.ActiveCfg = Debug|Any CPU
		{60D4FFDE-C845-43EC-8FDF-4D959324D047}.Debug|Any CPU.Build.0 = Debug|Any CPU
		{60D4FFDE-C845-43EC-8FDF-4D959324D047}.Release|Any CPU.ActiveCfg = Release|Any CPU
		{60D4FFDE-C845-43EC-8FDF-4D959324D047}.Release|Any CPU.Build.0 = Release|Any CPU
	EndGlobalSection
	GlobalSection(SolutionProperties) = preSolution
		HideSolutionNode = FALSE
	EndGlobalSection
	GlobalSection(ExtensibilityGlobals) = postSolution
		SolutionGuid = {93DD57ED-6D66-4755-BEC4-E97227B1FE0D}
	EndGlobalSection
EndGlobal
